github.com/AstronomiaDev/telegram-bot-api v1.0.1-0.20200319042609-5e339ed016b0 h1:VQC91ZpY6mG5PGnsbeXMXhm/G9J94QvHqcKIqyxQwwc=
github.com/AstronomiaDev/telegram-bot-api v1.0.1-0.20200319042609-5e339ed016b0/go.mod h1:lDm2E64X4OjFdBUA4hlN4mEvbSitvhJdKw7rsA8KHgI=
github.com/AstronomiaDev/telegram-bot-api v1.0.1-0.20200423011512-fb6cf3d993f8 h1:DfzCVDNzlC2aZOotEifLwOue+iSPNZvaiqxahuInt+g=
github.com/AstronomiaDev/telegram-bot-api v1.0.1-0.20200423011512-fb6cf3d993f8/go.mod h1:lDm2E64X4OjFdBUA4hlN4mEvbSitvhJdKw7rsA8KHgI=
github.com/technoweenie/multipartstreamer v1.0.1 h1:XRztA5MXiR1TIRHxH2uNxXxaIkKQDeX7m2XsSOlQEnM=
github.com/technoweenie/multipartstreamer v1.0.1/go.mod h1:jNVxdtShOxzAsukZwTSw6MDx5eUJoiEBsSvzDU9uzog=
